
Microsoft Visual Studio Solution File, Format Version 12.00
# Visual Studio Version 17
VisualStudioVersion = 17.2.32519.379
MinimumVisualStudioVersion = 10.0.40219.1
Project("{9A19103F-16F7-4668-BE54-9A1E7A4F7556}") = "ByteManager", "ByteManager\ByteManager.csproj", "{EFF67CD7-6808-4F50-8E37-3419A5FEF76D}"
EndProject
Project("{9A19103F-16F7-4668-BE54-9A1E7A4F7556}") = "SQLAccessImplementationLibrary", "DataAccessLibrary\SQLAccessImplementationLibrary.csproj", "{650DDD20-4F7C-4BEF-B962-9311537506DE}"
EndProject
Project("{9A19103F-16F7-4668-BE54-9A1E7A4F7556}") = "DataAccessDefinitionLibrary", "DataAccessDefinitionLibrary\DataAccessDefinitionLibrary.csproj", "{0A421075-843C-4249-806D-BE75CF4A0DDD}"
EndProject
Project("{9A19103F-16F7-4668-BE54-9A1E7A4F7556}") = "QuizBytesAPIServer", "QuizBytesAPIServer\QuizBytesAPIServer.csproj", "{A67224DF-43A7-43B2-95AD-02950B76FDDB}"
EndProject
Project("{9A19103F-16F7-4668-BE54-9A1E7A4F7556}") = "WindowsApiClient", "WindowsApiClient\WindowsApiClient.csproj", "{5CC92E50-9BB5-46E2-9857-10C8DE25C1DA}"
EndProject
Project("{9A19103F-16F7-4668-BE54-9A1E7A4F7556}") = "QuizBytesWebsite", "QuizBytesWebsite\QuizBytesWebsite.csproj", "{1C34A2EA-EDD6-41E8-9E36-F961CBBF63D3}"
EndProject
Project("{9A19103F-16F7-4668-BE54-9A1E7A4F7556}") = "WebApiClient", "WebApiClient\WebApiClient.csproj", "{4248E655-C1AB-4CE5-8082-770F53632CA8}"
EndProject
Project("{9A19103F-16F7-4668-BE54-9A1E7A4F7556}") = "SQLAccessImplementationLibraryUnitTest", "DataAccessUnitTest\SQLAccessImplementationLibraryUnitTest.csproj", "{6990E3B1-170C-4511-970C-DD7A2F53E99B}"
EndProject
Project("{FAE04EC0-301F-11D3-BF4B-00C04F79EFBC}") = "WebclientWebserverIntegrationTesting", "WebclientWebserverIntegrationTesting\WebclientWebserverIntegrationTesting.csproj", "{AFB7467C-5112-452C-822E-E35899E6AED3}"
EndProject
Global
	GlobalSection(SolutionConfigurationPlatforms) = preSolution
		Debug|Any CPU = Debug|Any CPU
		Release|Any CPU = Release|Any CPU
	EndGlobalSection
	GlobalSection(ProjectConfigurationPlatforms) = postSolution
		{EFF67CD7-6808-4F50-8E37-3419A5FEF76D}.Debug|Any CPU.ActiveCfg = Debug|Any CPU
		{EFF67CD7-6808-4F50-8E37-3419A5FEF76D}.Debug|Any CPU.Build.0 = Debug|Any CPU
		{EFF67CD7-6808-4F50-8E37-3419A5FEF76D}.Release|Any CPU.ActiveCfg = Release|Any CPU
		{EFF67CD7-6808-4F50-8E37-3419A5FEF76D}.Release|Any CPU.Build.0 = Release|Any CPU
		{650DDD20-4F7C-4BEF-B962-9311537506DE}.Debug|Any CPU.ActiveCfg = Debug|Any CPU
		{650DDD20-4F7C-4BEF-B962-9311537506DE}.Debug|Any CPU.Build.0 = Debug|Any CPU
		{650DDD20-4F7C-4BEF-B962-9311537506DE}.Release|Any CPU.ActiveCfg = Release|Any CPU
		{650DDD20-4F7C-4BEF-B962-9311537506DE}.Release|Any CPU.Build.0 = Release|Any CPU
		{0A421075-843C-4249-806D-BE75CF4A0DDD}.Debug|Any CPU.ActiveCfg = Debug|Any CPU
		{0A421075-843C-4249-806D-BE75CF4A0DDD}.Debug|Any CPU.Build.0 = Debug|Any CPU
		{0A421075-843C-4249-806D-BE75CF4A0DDD}.Release|Any CPU.ActiveCfg = Release|Any CPU
		{0A421075-843C-4249-806D-BE75CF4A0DDD}.Release|Any CPU.Build.0 = Release|Any CPU
		{A67224DF-43A7-43B2-95AD-02950B76FDDB}.Debug|Any CPU.ActiveCfg = Debug|Any CPU
		{A67224DF-43A7-43B2-95AD-02950B76FDDB}.Debug|Any CPU.Build.0 = Debug|Any CPU
		{A67224DF-43A7-43B2-95AD-02950B76FDDB}.Release|Any CPU.ActiveCfg = Release|Any CPU
		{A67224DF-43A7-43B2-95AD-02950B76FDDB}.Release|Any CPU.Build.0 = Release|Any CPU
		{5CC92E50-9BB5-46E2-9857-10C8DE25C1DA}.Debug|Any CPU.ActiveCfg = Debug|Any CPU
		{5CC92E50-9BB5-46E2-9857-10C8DE25C1DA}.Debug|Any CPU.Build.0 = Debug|Any CPU
		{5CC92E50-9BB5-46E2-9857-10C8DE25C1DA}.Release|Any CPU.ActiveCfg = Release|Any CPU
		{5CC92E50-9BB5-46E2-9857-10C8DE25C1DA}.Release|Any CPU.Build.0 = Release|Any CPU
		{1C34A2EA-EDD6-41E8-9E36-F961CBBF63D3}.Debug|Any CPU.ActiveCfg = Debug|Any CPU
		{1C34A2EA-EDD6-41E8-9E36-F961CBBF63D3}.Debug|Any CPU.Build.0 = Debug|Any CPU
		{1C34A2EA-EDD6-41E8-9E36-F961CBBF63D3}.Release|Any CPU.ActiveCfg = Release|Any CPU
		{1C34A2EA-EDD6-41E8-9E36-F961CBBF63D3}.Release|Any CPU.Build.0 = Release|Any CPU
		{4248E655-C1AB-4CE5-8082-770F53632CA8}.Debug|Any CPU.ActiveCfg = Debug|Any CPU
		{4248E655-C1AB-4CE5-8082-770F53632CA8}.Debug|Any CPU.Build.0 = Debug|Any CPU
		{4248E655-C1AB-4CE5-8082-770F53632CA8}.Release|Any CPU.ActiveCfg = Release|Any CPU
		{4248E655-C1AB-4CE5-8082-770F53632CA8}.Release|Any CPU.Build.0 = Release|Any CPU
		{6990E3B1-170C-4511-970C-DD7A2F53E99B}.Debug|Any CPU.ActiveCfg = Debug|Any CPU
		{6990E3B1-170C-4511-970C-DD7A2F53E99B}.Debug|Any CPU.Build.0 = Debug|Any CPU
		{6990E3B1-170C-4511-970C-DD7A2F53E99B}.Release|Any CPU.ActiveCfg = Release|Any CPU
		{6990E3B1-170C-4511-970C-DD7A2F53E99B}.Release|Any CPU.Build.0 = Release|Any CPU
		{AFB7467C-5112-452C-822E-E35899E6AED3}.Debug|Any CPU.ActiveCfg = Debug|Any CPU
		{AFB7467C-5112-452C-822E-E35899E6AED3}.Debug|Any CPU.Build.0 = Debug|Any CPU
		{AFB7467C-5112-452C-822E-E35899E6AED3}.Release|Any CPU.ActiveCfg = Release|Any CPU
		{AFB7467C-5112-452C-822E-E35899E6AED3}.Release|Any CPU.Build.0 = Release|Any CPU
	EndGlobalSection
	GlobalSection(SolutionProperties) = preSolution
		HideSolutionNode = FALSE
	EndGlobalSection
	GlobalSection(ExtensibilityGlobals) = postSolution
		SolutionGuid = {7AE513C1-6057-4B5B-933D-F5FB61E65270}
	EndGlobalSection
EndGlobal
