
Microsoft Visual Studio Solution File, Format Version 12.00
# Visual Studio Version 17
VisualStudioVersion = 17.2.32519.379
MinimumVisualStudioVersion = 10.0.40219.1
Project("{9A19103F-16F7-4668-BE54-9A1E7A4F7556}") = "ByteManager", "ByteManager\ByteManager.csproj", "{EFF67CD7-6808-4F50-8E37-3419A5FEF76D}"
EndProject
Project("{9A19103F-16F7-4668-BE54-9A1E7A4F7556}") = "SQLAccessImplementationLibrary", "DataAccessLibrary\SQLAccessImplementationLibrary.csproj", "{650DDD20-4F7C-4BEF-B962-9311537506DE}"
EndProject
Project("{FAE04EC0-301F-11D3-BF4B-00C04F79EFBC}") = "DataAccessDefinitionLibrary", "DataAccessDefinitionLibrary\DataAccessDefinitionLibrary.csproj", "{0A421075-843C-4249-806D-BE75CF4A0DDD}"
EndProject
Global
	GlobalSection(SolutionConfigurationPlatforms) = preSolution
		Debug|Any CPU = Debug|Any CPU
		Release|Any CPU = Release|Any CPU
	EndGlobalSection
	GlobalSection(ProjectConfigurationPlatforms) = postSolution
		{EFF67CD7-6808-4F50-8E37-3419A5FEF76D}.Debug|Any CPU.ActiveCfg = Debug|Any CPU
		{EFF67CD7-6808-4F50-8E37-3419A5FEF76D}.Debug|Any CPU.Build.0 = Debug|Any CPU
		{EFF67CD7-6808-4F50-8E37-3419A5FEF76D}.Release|Any CPU.ActiveCfg = Release|Any CPU
		{EFF67CD7-6808-4F50-8E37-3419A5FEF76D}.Release|Any CPU.Build.0 = Release|Any CPU
		{650DDD20-4F7C-4BEF-B962-9311537506DE}.Debug|Any CPU.ActiveCfg = Debug|Any CPU
		{650DDD20-4F7C-4BEF-B962-9311537506DE}.Debug|Any CPU.Build.0 = Debug|Any CPU
		{650DDD20-4F7C-4BEF-B962-9311537506DE}.Release|Any CPU.ActiveCfg = Release|Any CPU
		{650DDD20-4F7C-4BEF-B962-9311537506DE}.Release|Any CPU.Build.0 = Release|Any CPU
		{0A421075-843C-4249-806D-BE75CF4A0DDD}.Debug|Any CPU.ActiveCfg = Debug|Any CPU
		{0A421075-843C-4249-806D-BE75CF4A0DDD}.Debug|Any CPU.Build.0 = Debug|Any CPU
		{0A421075-843C-4249-806D-BE75CF4A0DDD}.Release|Any CPU.ActiveCfg = Release|Any CPU
		{0A421075-843C-4249-806D-BE75CF4A0DDD}.Release|Any CPU.Build.0 = Release|Any CPU
	EndGlobalSection
	GlobalSection(SolutionProperties) = preSolution
		HideSolutionNode = FALSE
	EndGlobalSection
	GlobalSection(ExtensibilityGlobals) = postSolution
		SolutionGuid = {7AE513C1-6057-4B5B-933D-F5FB61E65270}
	EndGlobalSection
EndGlobal
